
Microsoft Visual Studio Solution File, Format Version 12.00
# Visual Studio Version 17
VisualStudioVersion = 17.8.34601.278
MinimumVisualStudioVersion = 10.0.40219.1
Project("{FAE04EC0-301F-11D3-BF4B-00C04F79EFBC}") = "ejercicio3", "ejercicio3.csproj", "{82FBA423-8E2F-45FA-9043-E1914717CBEA}"
EndProject
Global
	GlobalSection(SolutionConfigurationPlatforms) = preSolution
		Debug|Any CPU = Debug|Any CPU
		Release|Any CPU = Release|Any CPU
	EndGlobalSection
	GlobalSection(ProjectConfigurationPlatforms) = postSolution
		{82FBA423-8E2F-45FA-9043-E1914717CBEA}.Debug|Any CPU.ActiveCfg = Debug|Any CPU
		{82FBA423-8E2F-45FA-9043-E1914717CBEA}.Debug|Any CPU.Build.0 = Debug|Any CPU
		{82FBA423-8E2F-45FA-9043-E1914717CBEA}.Release|Any CPU.ActiveCfg = Release|Any CPU
		{82FBA423-8E2F-45FA-9043-E1914717CBEA}.Release|Any CPU.Build.0 = Release|Any CPU
	EndGlobalSection
	GlobalSection(SolutionProperties) = preSolution
		HideSolutionNode = FALSE
	EndGlobalSection
	GlobalSection(ExtensibilityGlobals) = postSolution
		SolutionGuid = {9F0A1161-27B4-4514-9C80-5BE856B01F8B}
	EndGlobalSection
EndGlobal
